<?xml version="1.0" encoding="utf-8"?>
<Project ToolsVersion="4.0" xmlns="http://schemas.microsoft.com/developer/msbuild/2003">
  <ItemGroup>
    <Filter Include="Source Files">
      <UniqueIdentifier>{8E9FEDBC-1BD9-4e1d-9F11-FA7D8D40A758}</UniqueIdentifier>
      <Extensions>cpp;c;cc;cxx;def;odl;idl;hpj;bat;asm;asmx</Extensions>
    </Filter>
    <Filter Include="Header Files">
      <UniqueIdentifier>{3C3FB7E6-C949-431c-9DB1-77B784A351A4}</UniqueIdentifier>
      <Extensions>h;hpp;hxx;hm;inl;inc;xsd</Extensions>
    </Filter>
    <Filter Include="Resource Files">
      <UniqueIdentifier>{3B2A2C4C-1A98-4044-84AA-EC28A20E21B8}</UniqueIdentifier>
      <Extensions>rc;ico;cur;bmp;dlg;rc2;rct;bin;rgs;gif;jpg;jpeg;jpe;resx;tiff;tif;png;wav</Extensions>
    </Filter>
  </ItemGroup>
  <ItemGroup>
    <ClCompile Include="src\graph_renderer.cpp">
      <Filter>Source Files</Filter>
    </ClCompile>
    <ClCompile Include="src\reporting.cpp">
      <Filter>Source Files</Filter>
    </ClCompile>
    <ClCompile Include="src\wb_model.cpp">
      <Filter>Source Files</Filter>
    </ClCompile>
  </ItemGroup>
  <ItemGroup>
    <ClInclude Include="src\graph_renderer.h">
      <Filter>Header Files</Filter>
    </ClInclude>
    <ClInclude Include="src\reporting.h">
      <Filter>Header Files</Filter>
    </ClInclude>
    <ClInclude Include="src\wb_model.h">
      <Filter>Header Files</Filter>
    </ClInclude>
    <ClInclude Include="src\wb_model_public_interface.h">
      <Filter>Resource Files</Filter>
    </ClInclude>
  </ItemGroup>
</Project>