// !$*UTF8*$!
{
	archiveVersion = 1;
	classes = {
	};
	objectVersion = 46;
	objects = {

/* Begin PBXBuildFile section */
		2713A2441F3B00E2003F18F8 /* dialog.xib in Resources */ = {isa = PBXBuildFile; fileRef = 2713A2431F3B00E2003F18F8 /* dialog.xib */; };
		2713A2471F3B0608003F18F8 /* dialog.m in Sources */ = {isa = PBXBuildFile; fileRef = 2713A2461F3B0608003F18F8 /* dialog.m */; };
		27A3CFFA1F273F16001D3E9A /* shield.png in Resources */ = {isa = PBXBuildFile; fileRef = 27A3CFF81F273F16001D3E9A /* shield.png */; };
		27A3CFFB1F273F16001D3E9A /* shield@2x.png in Resources */ = {isa = PBXBuildFile; fileRef = 27A3CFF91F273F16001D3E9A /* shield@2x.png */; };
		27CDCE031FA3335B001D586C /* Main.xib in Resources */ = {isa = PBXBuildFile; fileRef = 27CDCE021FA3335B001D586C /* Main.xib */; };
		8EEB99021ECF215F00699C85 /* AppDelegate.m in Sources */ = {isa = PBXBuildFile; fileRef = 8EEB99011ECF215F00699C85 /* AppDelegate.m */; };
		8EEB99051ECF215F00699C85 /* main.m in Sources */ = {isa = PBXBuildFile; fileRef = 8EEB99041ECF215F00699C85 /* main.m */; };
		8EEB990A1ECF215F00699C85 /* Assets.xcassets in Resources */ = {isa = PBXBuildFile; fileRef = 8EEB99091ECF215F00699C85 /* Assets.xcassets */; };
/* End PBXBuildFile section */

/* Begin PBXFileReference section */
		2713A2431F3B00E2003F18F8 /* dialog.xib */ = {isa = PBXFileReference; fileEncoding = 4; lastKnownFileType = file.xib; path = dialog.xib; sourceTree = "<group>"; };
		2713A2461F3B0608003F18F8 /* dialog.m */ = {isa = PBXFileReference; fileEncoding = 4; lastKnownFileType = sourcecode.c.objc; path = dialog.m; sourceTree = "<group>"; };
		2713A2481F3B062B003F18F8 /* dialog.h */ = {isa = PBXFileReference; fileEncoding = 4; lastKnownFileType = sourcecode.c.h; path = dialog.h; sourceTree = "<group>"; };
		27A3CFF81F273F16001D3E9A /* shield.png */ = {isa = PBXFileReference; lastKnownFileType = image.png; name = shield.png; path = ../images/shield.png; sourceTree = "<group>"; };
		27A3CFF91F273F16001D3E9A /* shield@2x.png */ = {isa = PBXFileReference; lastKnownFileType = image.png; name = "shield@2x.png"; path = "../images/shield@2x.png"; sourceTree = "<group>"; };
		27CDCE021FA3335B001D586C /* Main.xib */ = {isa = PBXFileReference; lastKnownFileType = file.xib; path = Main.xib; sourceTree = "<group>"; };
		8EEB98FD1ECF215F00699C85 /* gui-test.app */ = {isa = PBXFileReference; explicitFileType = wrapper.application; includeInIndex = 0; path = "gui-test.app"; sourceTree = BUILT_PRODUCTS_DIR; };
		8EEB99001ECF215F00699C85 /* AppDelegate.h */ = {isa = PBXFileReference; lastKnownFileType = sourcecode.c.h; name = AppDelegate.h; path = ../src/AppDelegate.h; sourceTree = "<group>"; };
		8EEB99011ECF215F00699C85 /* AppDelegate.m */ = {isa = PBXFileReference; lastKnownFileType = sourcecode.c.objc; name = AppDelegate.m; path = ../src/AppDelegate.m; sourceTree = "<group>"; };
		8EEB99041ECF215F00699C85 /* main.m */ = {isa = PBXFileReference; lastKnownFileType = sourcecode.c.objc; name = main.m; path = ../src/main.m; sourceTree = "<group>"; };
		8EEB99091ECF215F00699C85 /* Assets.xcassets */ = {isa = PBXFileReference; lastKnownFileType = folder.assetcatalog; name = Assets.xcassets; path = ../src/Assets.xcassets; sourceTree = "<group>"; };
		8EEB990E1ECF215F00699C85 /* Info.plist */ = {isa = PBXFileReference; lastKnownFileType = text.plist.xml; name = Info.plist; path = ../src/Info.plist; sourceTree = "<group>"; };
/* End PBXFileReference section */

/* Begin PBXFrameworksBuildPhase section */
		8EEB98FA1ECF215F00699C85 /* Frameworks */ = {
			isa = PBXFrameworksBuildPhase;
			buildActionMask = 2147483647;
			files = (
			);
			runOnlyForDeploymentPostprocessing = 0;
		};
/* End PBXFrameworksBuildPhase section */

/* Begin PBXGroup section */
		27A3CFF71F273F07001D3E9A /* resources */ = {
			isa = PBXGroup;
			children = (
				27A3CFF81F273F16001D3E9A /* shield.png */,
				27A3CFF91F273F16001D3E9A /* shield@2x.png */,
			);
			name = resources;
			sourceTree = "<group>";
		};
		8EEB98F41ECF215F00699C85 = {
			isa = PBXGroup;
			children = (
				8EEB98FE1ECF215F00699C85 /* Products */,
				27A3CFF71F273F07001D3E9A /* resources */,
				8EEB98FF1ECF215F00699C85 /* src */,
			);
			sourceTree = "<group>";
			wrapsLines = 0;
		};
		8EEB98FE1ECF215F00699C85 /* Products */ = {
			isa = PBXGroup;
			children = (
				8EEB98FD1ECF215F00699C85 /* gui-test.app */,
			);
			name = Products;
			sourceTree = "<group>";
		};
		8EEB98FF1ECF215F00699C85 /* src */ = {
			isa = PBXGroup;
			children = (
				8EEB99031ECF215F00699C85 /* Supporting Files */,
				8EEB99091ECF215F00699C85 /* Assets.xcassets */,
				8EEB99001ECF215F00699C85 /* AppDelegate.h */,
				8EEB99011ECF215F00699C85 /* AppDelegate.m */,
				2713A2481F3B062B003F18F8 /* dialog.h */,
				2713A2461F3B0608003F18F8 /* dialog.m */,
				2713A2431F3B00E2003F18F8 /* dialog.xib */,
				27CDCE021FA3335B001D586C /* Main.xib */,
				8EEB990E1ECF215F00699C85 /* Info.plist */,
			);
			path = src;
			sourceTree = "<group>";
		};
		8EEB99031ECF215F00699C85 /* Supporting Files */ = {
			isa = PBXGroup;
			children = (
				8EEB99041ECF215F00699C85 /* main.m */,
			);
			name = "Supporting Files";
			sourceTree = "<group>";
		};
/* End PBXGroup section */

/* Begin PBXNativeTarget section */
		8EEB98FC1ECF215F00699C85 /* gui-test */ = {
			isa = PBXNativeTarget;
			buildConfigurationList = 8EEB99111ECF215F00699C85 /* Build configuration list for PBXNativeTarget "gui-test" */;
			buildPhases = (
				8EEB98F91ECF215F00699C85 /* Sources */,
				8EEB98FA1ECF215F00699C85 /* Frameworks */,
				8EEB98FB1ECF215F00699C85 /* Resources */,
			);
			buildRules = (
			);
			dependencies = (
			);
			name = "gui-test";
			productName = "GUI Test App";
			productReference = 8EEB98FD1ECF215F00699C85 /* gui-test.app */;
			productType = "com.apple.product-type.application";
		};
/* End PBXNativeTarget section */

/* Begin PBXProject section */
		8EEB98F51ECF215F00699C85 /* Project object */ = {
			isa = PBXProject;
			attributes = {
				LastUpgradeCheck = 0930;
				ORGANIZATIONNAME = "Oracle Corp.";
				TargetAttributes = {
					8EEB98FC1ECF215F00699C85 = {
						CreatedOnToolsVersion = 8.3.2;
						ProvisioningStyle = Automatic;
					};
				};
			};
			buildConfigurationList = 8EEB98F81ECF215F00699C85 /* Build configuration list for PBXProject "GUI Test App" */;
			compatibilityVersion = "Xcode 3.2";
			developmentRegion = English;
			hasScannedForEncodings = 0;
			knownRegions = (
				en,
				Base,
			);
			mainGroup = 8EEB98F41ECF215F00699C85;
			productRefGroup = 8EEB98FE1ECF215F00699C85 /* Products */;
			projectDirPath = "";
			projectRoot = "";
			targets = (
				8EEB98FC1ECF215F00699C85 /* gui-test */,
			);
		};
/* End PBXProject section */

/* Begin PBXResourcesBuildPhase section */
		8EEB98FB1ECF215F00699C85 /* Resources */ = {
			isa = PBXResourcesBuildPhase;
			buildActionMask = 2147483647;
			files = (
				27A3CFFA1F273F16001D3E9A /* shield.png in Resources */,
				27CDCE031FA3335B001D586C /* Main.xib in Resources */,
				8EEB990A1ECF215F00699C85 /* Assets.xcassets in Resources */,
				2713A2441F3B00E2003F18F8 /* dialog.xib in Resources */,
				27A3CFFB1F273F16001D3E9A /* shield@2x.png in Resources */,
			);
			runOnlyForDeploymentPostprocessing = 0;
		};
/* End PBXResourcesBuildPhase section */

/* Begin PBXSourcesBuildPhase section */
		8EEB98F91ECF215F00699C85 /* Sources */ = {
			isa = PBXSourcesBuildPhase;
			buildActionMask = 2147483647;
			files = (
				8EEB99051ECF215F00699C85 /* main.m in Sources */,
				8EEB99021ECF215F00699C85 /* AppDelegate.m in Sources */,
				2713A2471F3B0608003F18F8 /* dialog.m in Sources */,
			);
			runOnlyForDeploymentPostprocessing = 0;
		};
/* End PBXSourcesBuildPhase section */

/* Begin XCBuildConfiguration section */
		8EEB990F1ECF215F00699C85 /* Debug */ = {
			isa = XCBuildConfiguration;
			buildSettings = {
				ALWAYS_SEARCH_USER_PATHS = NO;
				CLANG_ANALYZER_NONNULL = YES;
				CLANG_ANALYZER_NUMBER_OBJECT_CONVERSION = YES_AGGRESSIVE;
				CLANG_ENABLE_MODULES = YES;
				CLANG_ENABLE_OBJC_ARC = YES;
				CLANG_WARN_BLOCK_CAPTURE_AUTORELEASING = YES;
				CLANG_WARN_BOOL_CONVERSION = YES;
				CLANG_WARN_COMMA = YES;
				CLANG_WARN_CONSTANT_CONVERSION = YES;
				CLANG_WARN_DEPRECATED_OBJC_IMPLEMENTATIONS = YES;
				CLANG_WARN_DIRECT_OBJC_ISA_USAGE = YES_ERROR;
				CLANG_WARN_DOCUMENTATION_COMMENTS = YES;
				CLANG_WARN_EMPTY_BODY = YES;
				CLANG_WARN_ENUM_CONVERSION = YES;
				CLANG_WARN_INFINITE_RECURSION = YES;
				CLANG_WARN_INT_CONVERSION = YES;
				CLANG_WARN_NON_LITERAL_NULL_CONVERSION = YES;
				CLANG_WARN_OBJC_IMPLICIT_RETAIN_SELF = YES;
				CLANG_WARN_OBJC_LITERAL_CONVERSION = YES;
				CLANG_WARN_OBJC_ROOT_CLASS = YES_ERROR;
				CLANG_WARN_RANGE_LOOP_ANALYSIS = YES;
				CLANG_WARN_STRICT_PROTOTYPES = YES;
				CLANG_WARN_SUSPICIOUS_MOVE = YES;
				CLANG_WARN_UNREACHABLE_CODE = YES;
				CLANG_WARN__DUPLICATE_METHOD_MATCH = YES;
				CODE_SIGN_IDENTITY = "-";
				COPY_PHASE_STRIP = NO;
				DEBUG_INFORMATION_FORMAT = dwarf;
				ENABLE_STRICT_OBJC_MSGSEND = YES;
				ENABLE_TESTABILITY = YES;
				GCC_C_LANGUAGE_STANDARD = gnu99;
				GCC_DYNAMIC_NO_PIC = NO;
				GCC_NO_COMMON_BLOCKS = YES;
				GCC_OPTIMIZATION_LEVEL = 0;
				GCC_PREPROCESSOR_DEFINITIONS = (
					"DEBUG=1",
					"$(inherited)",
				);
				GCC_WARN_64_TO_32_BIT_CONVERSION = YES;
				GCC_WARN_ABOUT_RETURN_TYPE = YES_ERROR;
				GCC_WARN_UNDECLARED_SELECTOR = YES;
				GCC_WARN_UNINITIALIZED_AUTOS = YES_AGGRESSIVE;
				GCC_WARN_UNUSED_FUNCTION = YES;
				GCC_WARN_UNUSED_VARIABLE = YES;
				MACOSX_DEPLOYMENT_TARGET = 10.11;
				MTL_ENABLE_DEBUG_INFO = YES;
				ONLY_ACTIVE_ARCH = YES;
				SDKROOT = macosx;
			};
			name = Debug;
		};
		8EEB99101ECF215F00699C85 /* Release */ = {
			isa = XCBuildConfiguration;
			buildSettings = {
				ALWAYS_SEARCH_USER_PATHS = NO;
				CLANG_ANALYZER_NONNULL = YES;
				CLANG_ANALYZER_NUMBER_OBJECT_CONVERSION = YES_AGGRESSIVE;
				CLANG_ENABLE_MODULES = YES;
				CLANG_ENABLE_OBJC_ARC = YES;
				CLANG_WARN_BLOCK_CAPTURE_AUTORELEASING = YES;
				CLANG_WARN_BOOL_CONVERSION = YES;
				CLANG_WARN_COMMA = YES;
				CLANG_WARN_CONSTANT_CONVERSION = YES;
				CLANG_WARN_DEPRECATED_OBJC_IMPLEMENTATIONS = YES;
				CLANG_WARN_DIRECT_OBJC_ISA_USAGE = YES_ERROR;
				CLANG_WARN_DOCUMENTATION_COMMENTS = YES;
				CLANG_WARN_EMPTY_BODY = YES;
				CLANG_WARN_ENUM_CONVERSION = YES;
				CLANG_WARN_INFINITE_RECURSION = YES;
				CLANG_WARN_INT_CONVERSION = YES;
				CLANG_WARN_NON_LITERAL_NULL_CONVERSION = YES;
				CLANG_WARN_OBJC_IMPLICIT_RETAIN_SELF = YES;
				CLANG_WARN_OBJC_LITERAL_CONVERSION = YES;
				CLANG_WARN_OBJC_ROOT_CLASS = YES_ERROR;
				CLANG_WARN_RANGE_LOOP_ANALYSIS = YES;
				CLANG_WARN_STRICT_PROTOTYPES = YES;
				CLANG_WARN_SUSPICIOUS_MOVE = YES;
				CLANG_WARN_UNREACHABLE_CODE = YES;
				CLANG_WARN__DUPLICATE_METHOD_MATCH = YES;
				CODE_SIGN_IDENTITY = "-";
				COPY_PHASE_STRIP = NO;
				DEBUG_INFORMATION_FORMAT = "dwarf-with-dsym";
				ENABLE_NS_ASSERTIONS = NO;
				ENABLE_STRICT_OBJC_MSGSEND = YES;
				GCC_C_LANGUAGE_STANDARD = gnu99;
				GCC_NO_COMMON_BLOCKS = YES;
				GCC_WARN_64_TO_32_BIT_CONVERSION = YES;
				GCC_WARN_ABOUT_RETURN_TYPE = YES_ERROR;
				GCC_WARN_UNDECLARED_SELECTOR = YES;
				GCC_WARN_UNINITIALIZED_AUTOS = YES_AGGRESSIVE;
				GCC_WARN_UNUSED_FUNCTION = YES;
				GCC_WARN_UNUSED_VARIABLE = YES;
				MACOSX_DEPLOYMENT_TARGET = 10.11;
				MTL_ENABLE_DEBUG_INFO = NO;
				SDKROOT = macosx;
			};
			name = Release;
		};
		8EEB99121ECF215F00699C85 /* Debug */ = {
			isa = XCBuildConfiguration;
			buildSettings = {
				ASSETCATALOG_COMPILER_APPICON_NAME = AppIcon;
				COMBINE_HIDPI_IMAGES = YES;
				INFOPLIST_FILE = src/Info.plist;
				LD_RUNPATH_SEARCH_PATHS = "$(inherited) @executable_path/../Frameworks";
				MACOSX_DEPLOYMENT_TARGET = 10.11;
				PRODUCT_BUNDLE_IDENTIFIER = "com.oracle.gui-test-app";
				PRODUCT_NAME = "$(TARGET_NAME)";
			};
			name = Debug;
		};
		8EEB99131ECF215F00699C85 /* Release */ = {
			isa = XCBuildConfiguration;
			buildSettings = {
				ASSETCATALOG_COMPILER_APPICON_NAME = AppIcon;
				COMBINE_HIDPI_IMAGES = YES;
				INFOPLIST_FILE = src/Info.plist;
				LD_RUNPATH_SEARCH_PATHS = "$(inherited) @executable_path/../Frameworks";
				MACOSX_DEPLOYMENT_TARGET = 10.11;
				PRODUCT_BUNDLE_IDENTIFIER = "com.oracle.gui-test-app";
				PRODUCT_NAME = "$(TARGET_NAME)";
			};
			name = Release;
		};
/* End XCBuildConfiguration section */

/* Begin XCConfigurationList section */
		8EEB98F81ECF215F00699C85 /* Build configuration list for PBXProject "GUI Test App" */ = {
			isa = XCConfigurationList;
			buildConfigurations = (
				8EEB990F1ECF215F00699C85 /* Debug */,
				8EEB99101ECF215F00699C85 /* Release */,
			);
			defaultConfigurationIsVisible = 0;
			defaultConfigurationName = Release;
		};
		8EEB99111ECF215F00699C85 /* Build configuration list for PBXNativeTarget "gui-test" */ = {
			isa = XCConfigurationList;
			buildConfigurations = (
				8EEB99121ECF215F00699C85 /* Debug */,
				8EEB99131ECF215F00699C85 /* Release */,
			);
			defaultConfigurationIsVisible = 0;
			defaultConfigurationName = Release;
		};
/* End XCConfigurationList section */
	};
	rootObject = 8EEB98F51ECF215F00699C85 /* Project object */;
}
