<?xml version="1.0" encoding="utf-8"?>
<Project ToolsVersion="4.0" xmlns="http://schemas.microsoft.com/developer/msbuild/2003">
  <ItemGroup>
    <ClCompile Include="DbSearchFilterPanel.cpp">
      <Filter>Source Files</Filter>
    </ClCompile>
    <ClCompile Include="DbSearchPanel.cpp">
      <Filter>Source Files</Filter>
    </ClCompile>
    <ClCompile Include="register_plugin.cpp">
      <Filter>Source Files</Filter>
    </ClCompile>
    <ClCompile Include="stdafx.cpp">
      <Filter>Source Files</Filter>
    </ClCompile>
  </ItemGroup>
  <ItemGroup>
    <ClInclude Include="DbSearchFilterPanel.h">
      <Filter>Header Files</Filter>
    </ClInclude>
    <ClInclude Include="DbSearchPanel.h">
      <Filter>Header Files</Filter>
    </ClInclude>
    <ClInclude Include="stdafx.h">
      <Filter>Header Files</Filter>
    </ClInclude>
  </ItemGroup>
  <ItemGroup>
    <Filter Include="Header Files">
      <UniqueIdentifier>{709fc4be-b8a3-419d-8d26-6bbee057a8f7}</UniqueIdentifier>
    </Filter>
    <Filter Include="Source Files">
      <UniqueIdentifier>{eefc258a-c3d3-4528-9426-c2e73a9dc981}</UniqueIdentifier>
    </Filter>
  </ItemGroup>
</Project>